
Microsoft Visual Studio Solution File, Format Version 12.00
# Visual Studio Version 17
VisualStudioVersion = 17.0.31903.59
MinimumVisualStudioVersion = 10.0.40219.1
Project("{2150E333-8FDC-42A3-9474-1A3956D46DE8}") = "src", "src", "{02EA681E-C7D8-13C7-8484-4AC65E1B71E8}"
EndProject
Project("{2150E333-8FDC-42A3-9474-1A3956D46DE8}") = "test", "test", "{0EB71636-EDE8-41E2-AD8B-F75FC3D7579F}"
EndProject
Project("{FAE04EC0-301F-11D3-BF4B-00C04F79EFBC}") = "Appointly.Api", "src\Appointly.Api\Appointly.Api.csproj", "{EC5D195C-2FD4-42B6-98F8-C5E72F00789D}"
EndProject
Project("{FAE04EC0-301F-11D3-BF4B-00C04F79EFBC}") = "Appointly.Application", "src\Appointly.Application\Appointly.Application.csproj", "{E309DC80-A76A-43B8-B79F-4D517DB88C37}"
EndProject
Project("{FAE04EC0-301F-11D3-BF4B-00C04F79EFBC}") = "Appointly.Domain", "src\Appointly.Domain\Appointly.Domain.csproj", "{FBB7DC6C-F1F6-41BD-B13E-F26625FD73CA}"
EndProject
Project("{FAE04EC0-301F-11D3-BF4B-00C04F79EFBC}") = "Appointly.Infrastructure", "src\Appointly.Infrastructure\Appointly.Infrastructure.csproj", "{1F037A65-EFE6-4F5A-9567-8D2C95FC8BC0}"
EndProject
Global
	GlobalSection(SolutionConfigurationPlatforms) = preSolution
		Debug|Any CPU = Debug|Any CPU
		Release|Any CPU = Release|Any CPU
	EndGlobalSection
	GlobalSection(ProjectConfigurationPlatforms) = postSolution
		{EC5D195C-2FD4-42B6-98F8-C5E72F00789D}.Debug|Any CPU.ActiveCfg = Debug|Any CPU
		{EC5D195C-2FD4-42B6-98F8-C5E72F00789D}.Debug|Any CPU.Build.0 = Debug|Any CPU
		{EC5D195C-2FD4-42B6-98F8-C5E72F00789D}.Release|Any CPU.ActiveCfg = Release|Any CPU
		{EC5D195C-2FD4-42B6-98F8-C5E72F00789D}.Release|Any CPU.Build.0 = Release|Any CPU
		{E309DC80-A76A-43B8-B79F-4D517DB88C37}.Debug|Any CPU.ActiveCfg = Debug|Any CPU
		{E309DC80-A76A-43B8-B79F-4D517DB88C37}.Debug|Any CPU.Build.0 = Debug|Any CPU
		{E309DC80-A76A-43B8-B79F-4D517DB88C37}.Release|Any CPU.ActiveCfg = Release|Any CPU
		{E309DC80-A76A-43B8-B79F-4D517DB88C37}.Release|Any CPU.Build.0 = Release|Any CPU
		{FBB7DC6C-F1F6-41BD-B13E-F26625FD73CA}.Debug|Any CPU.ActiveCfg = Debug|Any CPU
		{FBB7DC6C-F1F6-41BD-B13E-F26625FD73CA}.Debug|Any CPU.Build.0 = Debug|Any CPU
		{FBB7DC6C-F1F6-41BD-B13E-F26625FD73CA}.Release|Any CPU.ActiveCfg = Release|Any CPU
		{FBB7DC6C-F1F6-41BD-B13E-F26625FD73CA}.Release|Any CPU.Build.0 = Release|Any CPU
		{1F037A65-EFE6-4F5A-9567-8D2C95FC8BC0}.Debug|Any CPU.ActiveCfg = Debug|Any CPU
		{1F037A65-EFE6-4F5A-9567-8D2C95FC8BC0}.Debug|Any CPU.Build.0 = Debug|Any CPU
		{1F037A65-EFE6-4F5A-9567-8D2C95FC8BC0}.Release|Any CPU.ActiveCfg = Release|Any CPU
		{1F037A65-EFE6-4F5A-9567-8D2C95FC8BC0}.Release|Any CPU.Build.0 = Release|Any CPU
	EndGlobalSection
	GlobalSection(SolutionProperties) = preSolution
		HideSolutionNode = FALSE
	EndGlobalSection
	GlobalSection(NestedProjects) = preSolution
		{EC5D195C-2FD4-42B6-98F8-C5E72F00789D} = {02EA681E-C7D8-13C7-8484-4AC65E1B71E8}
		{E309DC80-A76A-43B8-B79F-4D517DB88C37} = {02EA681E-C7D8-13C7-8484-4AC65E1B71E8}
		{FBB7DC6C-F1F6-41BD-B13E-F26625FD73CA} = {02EA681E-C7D8-13C7-8484-4AC65E1B71E8}
		{1F037A65-EFE6-4F5A-9567-8D2C95FC8BC0} = {02EA681E-C7D8-13C7-8484-4AC65E1B71E8}
	EndGlobalSection
	GlobalSection(ExtensibilityGlobals) = postSolution
		SolutionGuid = {49BB0F58-D203-4120-8E0E-14A6C6EECF80}
	EndGlobalSection
EndGlobal
